
Microsoft Visual Studio Solution File, Format Version 11.00
# Visual Studio 2010
Project("{8BC9CEB8-8B4A-11D0-8D11-00A0C91BC942}") = "vc6", "vc6.vcxproj", "{E8EB3FFF-2058-D1D4-6B92-7C58D8DD87FA}"
EndProject
Global
	GlobalSection(SolutionConfigurationPlatforms) = preSolution
		Debug|Win32 = Debug|Win32
		Release|Win32 = Release|Win32
	EndGlobalSection
	GlobalSection(ProjectConfigurationPlatforms) = postSolution
		{E8EB3FFF-2058-D1D4-6B92-7C58D8DD87FA}.Debug|Win32.ActiveCfg = Debug|Win32
		{E8EB3FFF-2058-D1D4-6B92-7C58D8DD87FA}.Debug|Win32.Build.0 = Debug|Win32
		{E8EB3FFF-2058-D1D4-6B92-7C58D8DD87FA}.Release|Win32.ActiveCfg = Release|Win32
		{E8EB3FFF-2058-D1D4-6B92-7C58D8DD87FA}.Release|Win32.Build.0 = Release|Win32
	EndGlobalSection
	GlobalSection(SolutionProperties) = preSolution
		HideSolutionNode = FALSE
	EndGlobalSection
EndGlobal
